
Microsoft Visual Studio Solution File, Format Version 12.00
# Visual Studio Version 17
VisualStudioVersion = 17.2.32526.322
MinimumVisualStudioVersion = 10.0.40219.1
Project("{FAE04EC0-301F-11D3-BF4B-00C04F79EFBC}") = "DataManager", "DataManagr\DataManager.csproj", "{4A169BA9-55FA-4A67-9506-4F5A6E425783}"
EndProject
Project("{00D1A9C2-B5F0-4AF3-8072-F6C62B433612}") = "RetailManagerData", "RetailManagerData\RetailManagerData.sqlproj", "{A59C6D06-D7D9-49E6-A62C-0F2589A72EA0}"
EndProject
Project("{FAE04EC0-301F-11D3-BF4B-00C04F79EFBC}") = "RetailManagerDesktopUI", "RetailManagerDesktopUI\RetailManagerDesktopUI.csproj", "{1728CD63-1EAB-40AF-A2DD-8516FC32621D}"
EndProject
Project("{9A19103F-16F7-4668-BE54-9A1E7A4F7556}") = "RetailManagerDataManager.Library", "RetailManagerDataManager.Library\RetailManagerDataManager.Library.csproj", "{5AAEB8F8-EB08-475A-B74E-88A2F83457B5}"
EndProject
Project("{9A19103F-16F7-4668-BE54-9A1E7A4F7556}") = "RetailManagerDesktopUI.Library", "RetailManagerDesktopUI.Library\RetailManagerDesktopUI.Library.csproj", "{173743EB-FF21-4ED0-8750-BFE49D06CF74}"
EndProject
Project("{2150E333-8FDC-42A3-9474-1A3956D46DE8}") = "Database", "Database", "{1352D996-9671-4C9A-9C34-2E3CC57DCCD1}"
EndProject
Project("{2150E333-8FDC-42A3-9474-1A3956D46DE8}") = "API", "API", "{284BBB5C-7611-42B5-A8ED-2A1E2D497F5E}"
EndProject
Project("{2150E333-8FDC-42A3-9474-1A3956D46DE8}") = "WPF", "WPF", "{91668A6E-8A0F-4D4F-9224-3E9F03F5F4FC}"
EndProject
Project("{FAE04EC0-301F-11D3-BF4B-00C04F79EFBC}") = "DataManagerCore", "DataManagerCore\DataManagerCore.csproj", "{9F001D90-5787-4CB7-86D2-B5B1DB0A50D9}"
EndProject
Global
	GlobalSection(SolutionConfigurationPlatforms) = preSolution
		Debug|Any CPU = Debug|Any CPU
		Release|Any CPU = Release|Any CPU
	EndGlobalSection
	GlobalSection(ProjectConfigurationPlatforms) = postSolution
		{4A169BA9-55FA-4A67-9506-4F5A6E425783}.Debug|Any CPU.ActiveCfg = Debug|Any CPU
		{4A169BA9-55FA-4A67-9506-4F5A6E425783}.Debug|Any CPU.Build.0 = Debug|Any CPU
		{4A169BA9-55FA-4A67-9506-4F5A6E425783}.Release|Any CPU.ActiveCfg = Release|Any CPU
		{4A169BA9-55FA-4A67-9506-4F5A6E425783}.Release|Any CPU.Build.0 = Release|Any CPU
		{A59C6D06-D7D9-49E6-A62C-0F2589A72EA0}.Debug|Any CPU.ActiveCfg = Debug|Any CPU
		{A59C6D06-D7D9-49E6-A62C-0F2589A72EA0}.Debug|Any CPU.Build.0 = Debug|Any CPU
		{A59C6D06-D7D9-49E6-A62C-0F2589A72EA0}.Debug|Any CPU.Deploy.0 = Debug|Any CPU
		{A59C6D06-D7D9-49E6-A62C-0F2589A72EA0}.Release|Any CPU.ActiveCfg = Release|Any CPU
		{A59C6D06-D7D9-49E6-A62C-0F2589A72EA0}.Release|Any CPU.Build.0 = Release|Any CPU
		{A59C6D06-D7D9-49E6-A62C-0F2589A72EA0}.Release|Any CPU.Deploy.0 = Release|Any CPU
		{1728CD63-1EAB-40AF-A2DD-8516FC32621D}.Debug|Any CPU.ActiveCfg = Debug|Any CPU
		{1728CD63-1EAB-40AF-A2DD-8516FC32621D}.Debug|Any CPU.Build.0 = Debug|Any CPU
		{1728CD63-1EAB-40AF-A2DD-8516FC32621D}.Release|Any CPU.ActiveCfg = Release|Any CPU
		{1728CD63-1EAB-40AF-A2DD-8516FC32621D}.Release|Any CPU.Build.0 = Release|Any CPU
		{5AAEB8F8-EB08-475A-B74E-88A2F83457B5}.Debug|Any CPU.ActiveCfg = Debug|Any CPU
		{5AAEB8F8-EB08-475A-B74E-88A2F83457B5}.Debug|Any CPU.Build.0 = Debug|Any CPU
		{5AAEB8F8-EB08-475A-B74E-88A2F83457B5}.Release|Any CPU.ActiveCfg = Release|Any CPU
		{5AAEB8F8-EB08-475A-B74E-88A2F83457B5}.Release|Any CPU.Build.0 = Release|Any CPU
		{173743EB-FF21-4ED0-8750-BFE49D06CF74}.Debug|Any CPU.ActiveCfg = Debug|Any CPU
		{173743EB-FF21-4ED0-8750-BFE49D06CF74}.Debug|Any CPU.Build.0 = Debug|Any CPU
		{173743EB-FF21-4ED0-8750-BFE49D06CF74}.Release|Any CPU.ActiveCfg = Release|Any CPU
		{173743EB-FF21-4ED0-8750-BFE49D06CF74}.Release|Any CPU.Build.0 = Release|Any CPU
		{9F001D90-5787-4CB7-86D2-B5B1DB0A50D9}.Debug|Any CPU.ActiveCfg = Debug|Any CPU
		{9F001D90-5787-4CB7-86D2-B5B1DB0A50D9}.Debug|Any CPU.Build.0 = Debug|Any CPU
		{9F001D90-5787-4CB7-86D2-B5B1DB0A50D9}.Release|Any CPU.ActiveCfg = Release|Any CPU
		{9F001D90-5787-4CB7-86D2-B5B1DB0A50D9}.Release|Any CPU.Build.0 = Release|Any CPU
	EndGlobalSection
	GlobalSection(SolutionProperties) = preSolution
		HideSolutionNode = FALSE
	EndGlobalSection
	GlobalSection(NestedProjects) = preSolution
		{4A169BA9-55FA-4A67-9506-4F5A6E425783} = {284BBB5C-7611-42B5-A8ED-2A1E2D497F5E}
		{A59C6D06-D7D9-49E6-A62C-0F2589A72EA0} = {1352D996-9671-4C9A-9C34-2E3CC57DCCD1}
		{1728CD63-1EAB-40AF-A2DD-8516FC32621D} = {91668A6E-8A0F-4D4F-9224-3E9F03F5F4FC}
		{5AAEB8F8-EB08-475A-B74E-88A2F83457B5} = {284BBB5C-7611-42B5-A8ED-2A1E2D497F5E}
		{173743EB-FF21-4ED0-8750-BFE49D06CF74} = {91668A6E-8A0F-4D4F-9224-3E9F03F5F4FC}
		{9F001D90-5787-4CB7-86D2-B5B1DB0A50D9} = {284BBB5C-7611-42B5-A8ED-2A1E2D497F5E}
	EndGlobalSection
	GlobalSection(ExtensibilityGlobals) = postSolution
		SolutionGuid = {45034B1B-16FB-460E-A79F-30C88B7B6CB3}
	EndGlobalSection
EndGlobal
